{
  "name": "static",
  "lockfileVersion": 3,
  "requires": true,
  "packages": {
    "": {
      "dependencies": {
        "hslayers-ng-app": "^11.0.0"
      }
    },
    "node_modules/hslayers-ng-app": {
      "version": "11.0.0",
      "resolved": "https://registry.npmjs.org/hslayers-ng-app/-/hslayers-ng-app-11.0.0.tgz",
      "integrity": "sha512-rh/M7wQF7GojYaNLp+LgxC/MgSHxcz3gtOWnkagyBGkNB/nLAgVAusR4Csl2P8nFb2Qo86fBo1oMfhioxK/4HA=="
    }
  }
}
